// !$*UTF8*$!
{
	archiveVersion = 1;
	classes = {
	};
	objectVersion = 56;
	objects = {

/* Begin PBXBuildFile section */
		11ECDD772C623547000AA659 /* HomeViewController.swift in Sources */ = {isa = PBXBuildFile; fileRef = 11ECDD762C623547000AA659 /* HomeViewController.swift */; };
		11ECDD792C623667000AA659 /* MarketScreenView.swift in Sources */ = {isa = PBXBuildFile; fileRef = 11ECDD782C623667000AA659 /* MarketScreenView.swift */; };
		11ECDD7B2C623793000AA659 /* MenuTabBarController.swift in Sources */ = {isa = PBXBuildFile; fileRef = 11ECDD7A2C623793000AA659 /* MenuTabBarController.swift */; };
		11ECDD822C625479000AA659 /* WishListViewController.swift in Sources */ = {isa = PBXBuildFile; fileRef = 11ECDD812C625479000AA659 /* WishListViewController.swift */; };
		11ECDD862C6254C5000AA659 /* PlayViewController.swift in Sources */ = {isa = PBXBuildFile; fileRef = 11ECDD852C6254C5000AA659 /* PlayViewController.swift */; };
		11ECDD882C6254EA000AA659 /* AccountViewController.swift in Sources */ = {isa = PBXBuildFile; fileRef = 11ECDD872C6254EA000AA659 /* AccountViewController.swift */; };
		274103A62C4EC2E9007606C5 /* AppDelegate.swift in Sources */ = {isa = PBXBuildFile; fileRef = 274103A52C4EC2E9007606C5 /* AppDelegate.swift */; };
		274103A82C4EC2E9007606C5 /* SceneDelegate.swift in Sources */ = {isa = PBXBuildFile; fileRef = 274103A72C4EC2E9007606C5 /* SceneDelegate.swift */; };
		274103B02C4EC2E9007606C5 /* WorldOfTasteApp.xcdatamodeld in Sources */ = {isa = PBXBuildFile; fileRef = 274103AE2C4EC2E9007606C5 /* WorldOfTasteApp.xcdatamodeld */; };
		274103B22C4EC2EE007606C5 /* Assets.xcassets in Resources */ = {isa = PBXBuildFile; fileRef = 274103B12C4EC2EE007606C5 /* Assets.xcassets */; };
		274103B52C4EC2EE007606C5 /* Base in Resources */ = {isa = PBXBuildFile; fileRef = 274103B42C4EC2EE007606C5 /* Base */; };
		274103D72C510A4B007606C5 /* FirstLaunchView.swift in Sources */ = {isa = PBXBuildFile; fileRef = 274103D62C510A4B007606C5 /* FirstLaunchView.swift */; };
		274103D92C510A5C007606C5 /* FirstLaunchViewController.swift in Sources */ = {isa = PBXBuildFile; fileRef = 274103D82C510A5C007606C5 /* FirstLaunchViewController.swift */; };
		274103DD2C510B63007606C5 /* Colors.swift in Sources */ = {isa = PBXBuildFile; fileRef = 274103DC2C510B63007606C5 /* Colors.swift */; };
		274103DF2C51120D007606C5 /* FirstLaunchPageViewController.swift in Sources */ = {isa = PBXBuildFile; fileRef = 274103DE2C51120D007606C5 /* FirstLaunchPageViewController.swift */; };
		274103E12C54C94A007606C5 /* Images.swift in Sources */ = {isa = PBXBuildFile; fileRef = 274103E02C54C94A007606C5 /* Images.swift */; };
		274103E42C54CF51007606C5 /* ProgressButton.swift in Sources */ = {isa = PBXBuildFile; fileRef = 274103E32C54CF50007606C5 /* ProgressButton.swift */; };
		274103F62C593A1F007606C5 /* Fonts.swift in Sources */ = {isa = PBXBuildFile; fileRef = 274103F52C593A1F007606C5 /* Fonts.swift */; };
		2741041A2C6136F7007606C5 /* LogoView.swift in Sources */ = {isa = PBXBuildFile; fileRef = 274104192C6136F7007606C5 /* LogoView.swift */; };
		2741042B2C6225B1007606C5 /* PlusJakartaSans-Bold.ttf in Resources */ = {isa = PBXBuildFile; fileRef = 2741041B2C6225B0007606C5 /* PlusJakartaSans-Bold.ttf */; };
		2741042C2C6225B1007606C5 /* PlusJakartaSans-ExtraLight.ttf in Resources */ = {isa = PBXBuildFile; fileRef = 2741041C2C6225B0007606C5 /* PlusJakartaSans-ExtraLight.ttf */; };
		2741042D2C6225B1007606C5 /* PlusJakartaSans-Italic.ttf in Resources */ = {isa = PBXBuildFile; fileRef = 2741041D2C6225B0007606C5 /* PlusJakartaSans-Italic.ttf */; };
		2741042E2C6225B1007606C5 /* PlusJakartaSans-Light.ttf in Resources */ = {isa = PBXBuildFile; fileRef = 2741041E2C6225B0007606C5 /* PlusJakartaSans-Light.ttf */; };
		2741042F2C6225B1007606C5 /* PlusJakartaSans-VariableFont_wght.ttf in Resources */ = {isa = PBXBuildFile; fileRef = 2741041F2C6225B0007606C5 /* PlusJakartaSans-VariableFont_wght.ttf */; };
		274104302C6225B1007606C5 /* PlusJakartaSans-Medium.ttf in Resources */ = {isa = PBXBuildFile; fileRef = 274104202C6225B0007606C5 /* PlusJakartaSans-Medium.ttf */; };
		274104312C6225B1007606C5 /* PlusJakartaSans-Regular.ttf in Resources */ = {isa = PBXBuildFile; fileRef = 274104212C6225B0007606C5 /* PlusJakartaSans-Regular.ttf */; };
		274104322C6225B1007606C5 /* PlusJakartaSans-BoldItalic.ttf in Resources */ = {isa = PBXBuildFile; fileRef = 274104222C6225B0007606C5 /* PlusJakartaSans-BoldItalic.ttf */; };
		274104332C6225B1007606C5 /* PlusJakartaSans-LightItalic.ttf in Resources */ = {isa = PBXBuildFile; fileRef = 274104232C6225B0007606C5 /* PlusJakartaSans-LightItalic.ttf */; };
		274104342C6225B1007606C5 /* PlusJakartaSans-MediumItalic.ttf in Resources */ = {isa = PBXBuildFile; fileRef = 274104242C6225B1007606C5 /* PlusJakartaSans-MediumItalic.ttf */; };
		274104352C6225B1007606C5 /* PlusJakartaSans-ExtraLightItalic.ttf in Resources */ = {isa = PBXBuildFile; fileRef = 274104252C6225B1007606C5 /* PlusJakartaSans-ExtraLightItalic.ttf */; };
		274104362C6225B1007606C5 /* PlusJakartaSans-ExtraBold.ttf in Resources */ = {isa = PBXBuildFile; fileRef = 274104262C6225B1007606C5 /* PlusJakartaSans-ExtraBold.ttf */; };
		274104372C6225B1007606C5 /* PlusJakartaSans-Italic-VariableFont_wght.ttf in Resources */ = {isa = PBXBuildFile; fileRef = 274104272C6225B1007606C5 /* PlusJakartaSans-Italic-VariableFont_wght.ttf */; };
		274104382C6225B1007606C5 /* PlusJakartaSans-SemiBoldItalic.ttf in Resources */ = {isa = PBXBuildFile; fileRef = 274104282C6225B1007606C5 /* PlusJakartaSans-SemiBoldItalic.ttf */; };
		274104392C6225B1007606C5 /* PlusJakartaSans-ExtraBoldItalic.ttf in Resources */ = {isa = PBXBuildFile; fileRef = 274104292C6225B1007606C5 /* PlusJakartaSans-ExtraBoldItalic.ttf */; };
		2741043A2C6225B1007606C5 /* PlusJakartaSans-SemiBold.ttf in Resources */ = {isa = PBXBuildFile; fileRef = 2741042A2C6225B1007606C5 /* PlusJakartaSans-SemiBold.ttf */; };
/* End PBXBuildFile section */

/* Begin PBXFileReference section */
		11ECDD762C623547000AA659 /* HomeViewController.swift */ = {isa = PBXFileReference; lastKnownFileType = sourcecode.swift; path = HomeViewController.swift; sourceTree = "<group>"; };
		11ECDD782C623667000AA659 /* MarketScreenView.swift */ = {isa = PBXFileReference; lastKnownFileType = sourcecode.swift; path = MarketScreenView.swift; sourceTree = "<group>"; };
		11ECDD7A2C623793000AA659 /* MenuTabBarController.swift */ = {isa = PBXFileReference; lastKnownFileType = sourcecode.swift; path = MenuTabBarController.swift; sourceTree = "<group>"; };
		11ECDD812C625479000AA659 /* WishListViewController.swift */ = {isa = PBXFileReference; lastKnownFileType = sourcecode.swift; path = WishListViewController.swift; sourceTree = "<group>"; };
		11ECDD852C6254C5000AA659 /* PlayViewController.swift */ = {isa = PBXFileReference; lastKnownFileType = sourcecode.swift; path = PlayViewController.swift; sourceTree = "<group>"; };
		11ECDD872C6254EA000AA659 /* AccountViewController.swift */ = {isa = PBXFileReference; lastKnownFileType = sourcecode.swift; path = AccountViewController.swift; sourceTree = "<group>"; };
		274103A22C4EC2E9007606C5 /* WorldOfTasteApp.app */ = {isa = PBXFileReference; explicitFileType = wrapper.application; includeInIndex = 0; path = WorldOfTasteApp.app; sourceTree = BUILT_PRODUCTS_DIR; };
		274103A52C4EC2E9007606C5 /* AppDelegate.swift */ = {isa = PBXFileReference; lastKnownFileType = sourcecode.swift; path = AppDelegate.swift; sourceTree = "<group>"; };
		274103A72C4EC2E9007606C5 /* SceneDelegate.swift */ = {isa = PBXFileReference; lastKnownFileType = sourcecode.swift; path = SceneDelegate.swift; sourceTree = "<group>"; };
		274103AF2C4EC2E9007606C5 /* WorldOfTasteApp.xcdatamodel */ = {isa = PBXFileReference; lastKnownFileType = wrapper.xcdatamodel; path = WorldOfTasteApp.xcdatamodel; sourceTree = "<group>"; };
		274103B12C4EC2EE007606C5 /* Assets.xcassets */ = {isa = PBXFileReference; lastKnownFileType = folder.assetcatalog; path = Assets.xcassets; sourceTree = "<group>"; };
		274103B42C4EC2EE007606C5 /* Base */ = {isa = PBXFileReference; lastKnownFileType = file.storyboard; name = Base; path = Base.lproj/LaunchScreen.storyboard; sourceTree = "<group>"; };
		274103B62C4EC2EE007606C5 /* Info.plist */ = {isa = PBXFileReference; lastKnownFileType = text.plist.xml; path = Info.plist; sourceTree = "<group>"; };
		274103D62C510A4B007606C5 /* FirstLaunchView.swift */ = {isa = PBXFileReference; lastKnownFileType = sourcecode.swift; path = FirstLaunchView.swift; sourceTree = "<group>"; };
		274103D82C510A5C007606C5 /* FirstLaunchViewController.swift */ = {isa = PBXFileReference; lastKnownFileType = sourcecode.swift; path = FirstLaunchViewController.swift; sourceTree = "<group>"; };
		274103DC2C510B63007606C5 /* Colors.swift */ = {isa = PBXFileReference; lastKnownFileType = sourcecode.swift; path = Colors.swift; sourceTree = "<group>"; };
		274103DE2C51120D007606C5 /* FirstLaunchPageViewController.swift */ = {isa = PBXFileReference; lastKnownFileType = sourcecode.swift; path = FirstLaunchPageViewController.swift; sourceTree = "<group>"; };
		274103E02C54C94A007606C5 /* Images.swift */ = {isa = PBXFileReference; lastKnownFileType = sourcecode.swift; path = Images.swift; sourceTree = "<group>"; };
		274103E32C54CF50007606C5 /* ProgressButton.swift */ = {isa = PBXFileReference; lastKnownFileType = sourcecode.swift; path = ProgressButton.swift; sourceTree = "<group>"; };
		274103F52C593A1F007606C5 /* Fonts.swift */ = {isa = PBXFileReference; lastKnownFileType = sourcecode.swift; path = Fonts.swift; sourceTree = "<group>"; };
		274104192C6136F7007606C5 /* LogoView.swift */ = {isa = PBXFileReference; lastKnownFileType = sourcecode.swift; path = LogoView.swift; sourceTree = "<group>"; };
		2741041B2C6225B0007606C5 /* PlusJakartaSans-Bold.ttf */ = {isa = PBXFileReference; lastKnownFileType = file; path = "PlusJakartaSans-Bold.ttf"; sourceTree = "<group>"; };
		2741041C2C6225B0007606C5 /* PlusJakartaSans-ExtraLight.ttf */ = {isa = PBXFileReference; lastKnownFileType = file; path = "PlusJakartaSans-ExtraLight.ttf"; sourceTree = "<group>"; };
		2741041D2C6225B0007606C5 /* PlusJakartaSans-Italic.ttf */ = {isa = PBXFileReference; lastKnownFileType = file; path = "PlusJakartaSans-Italic.ttf"; sourceTree = "<group>"; };
		2741041E2C6225B0007606C5 /* PlusJakartaSans-Light.ttf */ = {isa = PBXFileReference; lastKnownFileType = file; path = "PlusJakartaSans-Light.ttf"; sourceTree = "<group>"; };
		2741041F2C6225B0007606C5 /* PlusJakartaSans-VariableFont_wght.ttf */ = {isa = PBXFileReference; lastKnownFileType = file; path = "PlusJakartaSans-VariableFont_wght.ttf"; sourceTree = "<group>"; };
		274104202C6225B0007606C5 /* PlusJakartaSans-Medium.ttf */ = {isa = PBXFileReference; lastKnownFileType = file; path = "PlusJakartaSans-Medium.ttf"; sourceTree = "<group>"; };
		274104212C6225B0007606C5 /* PlusJakartaSans-Regular.ttf */ = {isa = PBXFileReference; lastKnownFileType = file; path = "PlusJakartaSans-Regular.ttf"; sourceTree = "<group>"; };
		274104222C6225B0007606C5 /* PlusJakartaSans-BoldItalic.ttf */ = {isa = PBXFileReference; lastKnownFileType = file; path = "PlusJakartaSans-BoldItalic.ttf"; sourceTree = "<group>"; };
		274104232C6225B0007606C5 /* PlusJakartaSans-LightItalic.ttf */ = {isa = PBXFileReference; lastKnownFileType = file; path = "PlusJakartaSans-LightItalic.ttf"; sourceTree = "<group>"; };
		274104242C6225B1007606C5 /* PlusJakartaSans-MediumItalic.ttf */ = {isa = PBXFileReference; lastKnownFileType = file; path = "PlusJakartaSans-MediumItalic.ttf"; sourceTree = "<group>"; };
		274104252C6225B1007606C5 /* PlusJakartaSans-ExtraLightItalic.ttf */ = {isa = PBXFileReference; lastKnownFileType = file; path = "PlusJakartaSans-ExtraLightItalic.ttf"; sourceTree = "<group>"; };
		274104262C6225B1007606C5 /* PlusJakartaSans-ExtraBold.ttf */ = {isa = PBXFileReference; lastKnownFileType = file; path = "PlusJakartaSans-ExtraBold.ttf"; sourceTree = "<group>"; };
		274104272C6225B1007606C5 /* PlusJakartaSans-Italic-VariableFont_wght.ttf */ = {isa = PBXFileReference; lastKnownFileType = file; path = "PlusJakartaSans-Italic-VariableFont_wght.ttf"; sourceTree = "<group>"; };
		274104282C6225B1007606C5 /* PlusJakartaSans-SemiBoldItalic.ttf */ = {isa = PBXFileReference; lastKnownFileType = file; path = "PlusJakartaSans-SemiBoldItalic.ttf"; sourceTree = "<group>"; };
		274104292C6225B1007606C5 /* PlusJakartaSans-ExtraBoldItalic.ttf */ = {isa = PBXFileReference; lastKnownFileType = file; path = "PlusJakartaSans-ExtraBoldItalic.ttf"; sourceTree = "<group>"; };
		2741042A2C6225B1007606C5 /* PlusJakartaSans-SemiBold.ttf */ = {isa = PBXFileReference; lastKnownFileType = file; path = "PlusJakartaSans-SemiBold.ttf"; sourceTree = "<group>"; };
/* End PBXFileReference section */

/* Begin PBXFrameworksBuildPhase section */
		2741039F2C4EC2E9007606C5 /* Frameworks */ = {
			isa = PBXFrameworksBuildPhase;
			buildActionMask = 2147483647;
			files = (
			);
			runOnlyForDeploymentPostprocessing = 0;
		};
/* End PBXFrameworksBuildPhase section */

/* Begin PBXGroup section */
		11ECDD722C6234E7000AA659 /* HomeScreenModule */ = {
			isa = PBXGroup;
			children = (
				11ECDD732C6234FB000AA659 /* Controller */,
				11ECDD752C62350B000AA659 /* View */,
			);
			path = HomeScreenModule;
			sourceTree = "<group>";
		};
		11ECDD732C6234FB000AA659 /* Controller */ = {
			isa = PBXGroup;
			children = (
				11ECDD762C623547000AA659 /* HomeViewController.swift */,
			);
			path = Controller;
			sourceTree = "<group>";
		};
		11ECDD752C62350B000AA659 /* View */ = {
			isa = PBXGroup;
			children = (
				11ECDD782C623667000AA659 /* MarketScreenView.swift */,
			);
			path = View;
			sourceTree = "<group>";
		};
		11ECDD7C2C6253E1000AA659 /* WishListScreenModule */ = {
			isa = PBXGroup;
			children = (
				11ECDD7E2C6253F4000AA659 /* Controller */,
				11ECDD7D2C6253EF000AA659 /* View */,
			);
			path = WishListScreenModule;
			sourceTree = "<group>";
		};
		11ECDD7D2C6253EF000AA659 /* View */ = {
			isa = PBXGroup;
			children = (
			);
			path = View;
			sourceTree = "<group>";
		};
		11ECDD7E2C6253F4000AA659 /* Controller */ = {
			isa = PBXGroup;
			children = (
				11ECDD812C625479000AA659 /* WishListViewController.swift */,
			);
			path = Controller;
			sourceTree = "<group>";
		};
		11ECDD7F2C62545B000AA659 /* PlayScreenModule */ = {
			isa = PBXGroup;
			children = (
				11ECDD832C6254AD000AA659 /* Controller */,
			);
			path = PlayScreenModule;
			sourceTree = "<group>";
		};
		11ECDD802C625464000AA659 /* AccountScreenModule */ = {
			isa = PBXGroup;
			children = (
				11ECDD842C6254B5000AA659 /* Controller */,
			);
			path = AccountScreenModule;
			sourceTree = "<group>";
		};
		11ECDD832C6254AD000AA659 /* Controller */ = {
			isa = PBXGroup;
			children = (
				11ECDD852C6254C5000AA659 /* PlayViewController.swift */,
			);
			path = Controller;
			sourceTree = "<group>";
		};
		11ECDD842C6254B5000AA659 /* Controller */ = {
			isa = PBXGroup;
			children = (
				11ECDD872C6254EA000AA659 /* AccountViewController.swift */,
			);
			path = Controller;
			sourceTree = "<group>";
		};
		11ECDD892C626223000AA659 /* MainScreenModule */ = {
			isa = PBXGroup;
			children = (
				11ECDD8A2C626266000AA659 /* MenuController */,
				11ECDD722C6234E7000AA659 /* HomeScreenModule */,
				11ECDD7C2C6253E1000AA659 /* WishListScreenModule */,
				11ECDD7F2C62545B000AA659 /* PlayScreenModule */,
				11ECDD802C625464000AA659 /* AccountScreenModule */,
			);
			path = MainScreenModule;
			sourceTree = "<group>";
		};
		11ECDD8A2C626266000AA659 /* MenuController */ = {
			isa = PBXGroup;
			children = (
				11ECDD7A2C623793000AA659 /* MenuTabBarController.swift */,
			);
			path = MenuController;
			sourceTree = "<group>";
		};
		274103992C4EC2E9007606C5 = {
			isa = PBXGroup;
			children = (
				274103A42C4EC2E9007606C5 /* WorldOfTasteApp */,
				274103A32C4EC2E9007606C5 /* Products */,
			);
			sourceTree = "<group>";
		};
		274103A32C4EC2E9007606C5 /* Products */ = {
			isa = PBXGroup;
			children = (
				274103A22C4EC2E9007606C5 /* WorldOfTasteApp.app */,
			);
			name = Products;
			sourceTree = "<group>";
		};
		274103A42C4EC2E9007606C5 /* WorldOfTasteApp */ = {
			isa = PBXGroup;
			children = (
				274103DA2C510B41007606C5 /* Constants */,
				274103C12C4EC843007606C5 /* Fonts */,
				274103BF2C4EC394007606C5 /* Services */,
				274103BE2C4EC38E007606C5 /* Modules */,
				274103BD2C4EC387007606C5 /* Recources */,
				274103BC2C4EC382007606C5 /* App */,
			);
			path = WorldOfTasteApp;
			sourceTree = "<group>";
		};
		274103BC2C4EC382007606C5 /* App */ = {
			isa = PBXGroup;
			children = (
				274103A52C4EC2E9007606C5 /* AppDelegate.swift */,
				274103A72C4EC2E9007606C5 /* SceneDelegate.swift */,
			);
			path = App;
			sourceTree = "<group>";
		};
		274103BD2C4EC387007606C5 /* Recources */ = {
			isa = PBXGroup;
			children = (
				274103B32C4EC2EE007606C5 /* LaunchScreen.storyboard */,
				274103B12C4EC2EE007606C5 /* Assets.xcassets */,
				274103B62C4EC2EE007606C5 /* Info.plist */,
			);
			path = Recources;
			sourceTree = "<group>";
		};
		274103BE2C4EC38E007606C5 /* Modules */ = {
			isa = PBXGroup;
			children = (
				11ECDD892C626223000AA659 /* MainScreenModule */,
				274103D22C510A16007606C5 /* FirstLaunchModule */,
			);
			path = Modules;
			sourceTree = "<group>";
		};
		274103BF2C4EC394007606C5 /* Services */ = {
			isa = PBXGroup;
			children = (
				274103C02C4EC3AC007606C5 /* CoreDataService */,
			);
			path = Services;
			sourceTree = "<group>";
		};
		274103C02C4EC3AC007606C5 /* CoreDataService */ = {
			isa = PBXGroup;
			children = (
				274103AE2C4EC2E9007606C5 /* WorldOfTasteApp.xcdatamodeld */,
			);
			path = CoreDataService;
			sourceTree = "<group>";
		};
		274103C12C4EC843007606C5 /* Fonts */ = {
			isa = PBXGroup;
			children = (
				2741041B2C6225B0007606C5 /* PlusJakartaSans-Bold.ttf */,
				274104222C6225B0007606C5 /* PlusJakartaSans-BoldItalic.ttf */,
				274104262C6225B1007606C5 /* PlusJakartaSans-ExtraBold.ttf */,
				274104292C6225B1007606C5 /* PlusJakartaSans-ExtraBoldItalic.ttf */,
				2741041C2C6225B0007606C5 /* PlusJakartaSans-ExtraLight.ttf */,
				274104252C6225B1007606C5 /* PlusJakartaSans-ExtraLightItalic.ttf */,
				274104272C6225B1007606C5 /* PlusJakartaSans-Italic-VariableFont_wght.ttf */,
				2741041D2C6225B0007606C5 /* PlusJakartaSans-Italic.ttf */,
				2741041E2C6225B0007606C5 /* PlusJakartaSans-Light.ttf */,
				274104232C6225B0007606C5 /* PlusJakartaSans-LightItalic.ttf */,
				274104202C6225B0007606C5 /* PlusJakartaSans-Medium.ttf */,
				274104242C6225B1007606C5 /* PlusJakartaSans-MediumItalic.ttf */,
				274104212C6225B0007606C5 /* PlusJakartaSans-Regular.ttf */,
				2741042A2C6225B1007606C5 /* PlusJakartaSans-SemiBold.ttf */,
				274104282C6225B1007606C5 /* PlusJakartaSans-SemiBoldItalic.ttf */,
				2741041F2C6225B0007606C5 /* PlusJakartaSans-VariableFont_wght.ttf */,
			);
			path = Fonts;
			sourceTree = "<group>";
		};
		274103D22C510A16007606C5 /* FirstLaunchModule */ = {
			isa = PBXGroup;
			children = (
				274103D32C510A2B007606C5 /* View */,
			);
			path = FirstLaunchModule;
			sourceTree = "<group>";
		};
		274103D32C510A2B007606C5 /* View */ = {
			isa = PBXGroup;
			children = (
				274103D52C510A38007606C5 /* Controller */,
				274103D42C510A33007606C5 /* View */,
			);
			path = View;
			sourceTree = "<group>";
		};
		274103D42C510A33007606C5 /* View */ = {
			isa = PBXGroup;
			children = (
				274103E22C54CF3B007606C5 /* CustomElements */,
				274103D62C510A4B007606C5 /* FirstLaunchView.swift */,
			);
			path = View;
			sourceTree = "<group>";
		};
		274103D52C510A38007606C5 /* Controller */ = {
			isa = PBXGroup;
			children = (
				274103D82C510A5C007606C5 /* FirstLaunchViewController.swift */,
				274103DE2C51120D007606C5 /* FirstLaunchPageViewController.swift */,
			);
			path = Controller;
			sourceTree = "<group>";
		};
		274103DA2C510B41007606C5 /* Constants */ = {
			isa = PBXGroup;
			children = (
				274103DC2C510B63007606C5 /* Colors.swift */,
				274103E02C54C94A007606C5 /* Images.swift */,
				274103F52C593A1F007606C5 /* Fonts.swift */,
			);
			path = Constants;
			sourceTree = "<group>";
		};
		274103E22C54CF3B007606C5 /* CustomElements */ = {
			isa = PBXGroup;
			children = (
				274103E32C54CF50007606C5 /* ProgressButton.swift */,
				274104192C6136F7007606C5 /* LogoView.swift */,
			);
			path = CustomElements;
			sourceTree = "<group>";
		};
/* End PBXGroup section */

/* Begin PBXNativeTarget section */
		274103A12C4EC2E9007606C5 /* WorldOfTasteApp */ = {
			isa = PBXNativeTarget;
			buildConfigurationList = 274103B92C4EC2EE007606C5 /* Build configuration list for PBXNativeTarget "WorldOfTasteApp" */;
			buildPhases = (
				2741039E2C4EC2E9007606C5 /* Sources */,
				2741039F2C4EC2E9007606C5 /* Frameworks */,
				274103A02C4EC2E9007606C5 /* Resources */,
			);
			buildRules = (
			);
			dependencies = (
			);
			name = WorldOfTasteApp;
			productName = WorldOfTasteApp;
			productReference = 274103A22C4EC2E9007606C5 /* WorldOfTasteApp.app */;
			productType = "com.apple.product-type.application";
		};
/* End PBXNativeTarget section */

/* Begin PBXProject section */
		2741039A2C4EC2E9007606C5 /* Project object */ = {
			isa = PBXProject;
			attributes = {
				BuildIndependentTargetsInParallel = 1;
				LastSwiftUpdateCheck = 1530;
				LastUpgradeCheck = 1530;
				TargetAttributes = {
					274103A12C4EC2E9007606C5 = {
						CreatedOnToolsVersion = 15.3;
					};
				};
			};
			buildConfigurationList = 2741039D2C4EC2E9007606C5 /* Build configuration list for PBXProject "WorldOfTasteApp" */;
			compatibilityVersion = "Xcode 14.0";
			developmentRegion = en;
			hasScannedForEncodings = 0;
			knownRegions = (
				en,
				Base,
			);
			mainGroup = 274103992C4EC2E9007606C5;
			productRefGroup = 274103A32C4EC2E9007606C5 /* Products */;
			projectDirPath = "";
			projectRoot = "";
			targets = (
				274103A12C4EC2E9007606C5 /* WorldOfTasteApp */,
			);
		};
/* End PBXProject section */

/* Begin PBXResourcesBuildPhase section */
		274103A02C4EC2E9007606C5 /* Resources */ = {
			isa = PBXResourcesBuildPhase;
			buildActionMask = 2147483647;
			files = (
				2741042C2C6225B1007606C5 /* PlusJakartaSans-ExtraLight.ttf in Resources */,
				274104382C6225B1007606C5 /* PlusJakartaSans-SemiBoldItalic.ttf in Resources */,
				274104312C6225B1007606C5 /* PlusJakartaSans-Regular.ttf in Resources */,
				274104362C6225B1007606C5 /* PlusJakartaSans-ExtraBold.ttf in Resources */,
				2741042D2C6225B1007606C5 /* PlusJakartaSans-Italic.ttf in Resources */,
				274104352C6225B1007606C5 /* PlusJakartaSans-ExtraLightItalic.ttf in Resources */,
				274104342C6225B1007606C5 /* PlusJakartaSans-MediumItalic.ttf in Resources */,
				274104392C6225B1007606C5 /* PlusJakartaSans-ExtraBoldItalic.ttf in Resources */,
				274104372C6225B1007606C5 /* PlusJakartaSans-Italic-VariableFont_wght.ttf in Resources */,
				2741042E2C6225B1007606C5 /* PlusJakartaSans-Light.ttf in Resources */,
				2741043A2C6225B1007606C5 /* PlusJakartaSans-SemiBold.ttf in Resources */,
				274104322C6225B1007606C5 /* PlusJakartaSans-BoldItalic.ttf in Resources */,
				2741042F2C6225B1007606C5 /* PlusJakartaSans-VariableFont_wght.ttf in Resources */,
				274104302C6225B1007606C5 /* PlusJakartaSans-Medium.ttf in Resources */,
				274104332C6225B1007606C5 /* PlusJakartaSans-LightItalic.ttf in Resources */,
				2741042B2C6225B1007606C5 /* PlusJakartaSans-Bold.ttf in Resources */,
				274103B22C4EC2EE007606C5 /* Assets.xcassets in Resources */,
				274103B52C4EC2EE007606C5 /* Base in Resources */,
			);
			runOnlyForDeploymentPostprocessing = 0;
		};
/* End PBXResourcesBuildPhase section */

/* Begin PBXSourcesBuildPhase section */
		2741039E2C4EC2E9007606C5 /* Sources */ = {
			isa = PBXSourcesBuildPhase;
			buildActionMask = 2147483647;
			files = (
				274103D72C510A4B007606C5 /* FirstLaunchView.swift in Sources */,
				11ECDD822C625479000AA659 /* WishListViewController.swift in Sources */,
				274103A62C4EC2E9007606C5 /* AppDelegate.swift in Sources */,
				2741041A2C6136F7007606C5 /* LogoView.swift in Sources */,
				274103DD2C510B63007606C5 /* Colors.swift in Sources */,
				274103A82C4EC2E9007606C5 /* SceneDelegate.swift in Sources */,
				274103DF2C51120D007606C5 /* FirstLaunchPageViewController.swift in Sources */,
				11ECDD792C623667000AA659 /* MarketScreenView.swift in Sources */,
				11ECDD882C6254EA000AA659 /* AccountViewController.swift in Sources */,
				11ECDD862C6254C5000AA659 /* PlayViewController.swift in Sources */,
				274103E12C54C94A007606C5 /* Images.swift in Sources */,
				274103F62C593A1F007606C5 /* Fonts.swift in Sources */,
				11ECDD772C623547000AA659 /* HomeViewController.swift in Sources */,
				274103E42C54CF51007606C5 /* ProgressButton.swift in Sources */,
				274103D92C510A5C007606C5 /* FirstLaunchViewController.swift in Sources */,
				11ECDD7B2C623793000AA659 /* MenuTabBarController.swift in Sources */,
				274103B02C4EC2E9007606C5 /* WorldOfTasteApp.xcdatamodeld in Sources */,
			);
			runOnlyForDeploymentPostprocessing = 0;
		};
/* End PBXSourcesBuildPhase section */

/* Begin PBXVariantGroup section */
		274103B32C4EC2EE007606C5 /* LaunchScreen.storyboard */ = {
			isa = PBXVariantGroup;
			children = (
				274103B42C4EC2EE007606C5 /* Base */,
			);
			name = LaunchScreen.storyboard;
			sourceTree = "<group>";
		};
/* End PBXVariantGroup section */

/* Begin XCBuildConfiguration section */
		274103B72C4EC2EE007606C5 /* Debug */ = {
			isa = XCBuildConfiguration;
			buildSettings = {
				ALWAYS_SEARCH_USER_PATHS = NO;
				ASSETCATALOG_COMPILER_GENERATE_SWIFT_ASSET_SYMBOL_EXTENSIONS = YES;
				CLANG_ANALYZER_NONNULL = YES;
				CLANG_ANALYZER_NUMBER_OBJECT_CONVERSION = YES_AGGRESSIVE;
				CLANG_CXX_LANGUAGE_STANDARD = "gnu++20";
				CLANG_ENABLE_MODULES = YES;
				CLANG_ENABLE_OBJC_ARC = YES;
				CLANG_ENABLE_OBJC_WEAK = YES;
				CLANG_WARN_BLOCK_CAPTURE_AUTORELEASING = YES;
				CLANG_WARN_BOOL_CONVERSION = YES;
				CLANG_WARN_COMMA = YES;
				CLANG_WARN_CONSTANT_CONVERSION = YES;
				CLANG_WARN_DEPRECATED_OBJC_IMPLEMENTATIONS = YES;
				CLANG_WARN_DIRECT_OBJC_ISA_USAGE = YES_ERROR;
				CLANG_WARN_DOCUMENTATION_COMMENTS = YES;
				CLANG_WARN_EMPTY_BODY = YES;
				CLANG_WARN_ENUM_CONVERSION = YES;
				CLANG_WARN_INFINITE_RECURSION = YES;
				CLANG_WARN_INT_CONVERSION = YES;
				CLANG_WARN_NON_LITERAL_NULL_CONVERSION = YES;
				CLANG_WARN_OBJC_IMPLICIT_RETAIN_SELF = YES;
				CLANG_WARN_OBJC_LITERAL_CONVERSION = YES;
				CLANG_WARN_OBJC_ROOT_CLASS = YES_ERROR;
				CLANG_WARN_QUOTED_INCLUDE_IN_FRAMEWORK_HEADER = YES;
				CLANG_WARN_RANGE_LOOP_ANALYSIS = YES;
				CLANG_WARN_STRICT_PROTOTYPES = YES;
				CLANG_WARN_SUSPICIOUS_MOVE = YES;
				CLANG_WARN_UNGUARDED_AVAILABILITY = YES_AGGRESSIVE;
				CLANG_WARN_UNREACHABLE_CODE = YES;
				CLANG_WARN__DUPLICATE_METHOD_MATCH = YES;
				COPY_PHASE_STRIP = NO;
				DEBUG_INFORMATION_FORMAT = dwarf;
				ENABLE_STRICT_OBJC_MSGSEND = YES;
				ENABLE_TESTABILITY = YES;
				ENABLE_USER_SCRIPT_SANDBOXING = YES;
				GCC_C_LANGUAGE_STANDARD = gnu17;
				GCC_DYNAMIC_NO_PIC = NO;
				GCC_NO_COMMON_BLOCKS = YES;
				GCC_OPTIMIZATION_LEVEL = 0;
				GCC_PREPROCESSOR_DEFINITIONS = (
					"DEBUG=1",
					"$(inherited)",
				);
				GCC_WARN_64_TO_32_BIT_CONVERSION = YES;
				GCC_WARN_ABOUT_RETURN_TYPE = YES_ERROR;
				GCC_WARN_UNDECLARED_SELECTOR = YES;
				GCC_WARN_UNINITIALIZED_AUTOS = YES_AGGRESSIVE;
				GCC_WARN_UNUSED_FUNCTION = YES;
				GCC_WARN_UNUSED_VARIABLE = YES;
				IPHONEOS_DEPLOYMENT_TARGET = 17.4;
				LOCALIZATION_PREFERS_STRING_CATALOGS = YES;
				MTL_ENABLE_DEBUG_INFO = INCLUDE_SOURCE;
				MTL_FAST_MATH = YES;
				ONLY_ACTIVE_ARCH = YES;
				SDKROOT = iphoneos;
				SWIFT_ACTIVE_COMPILATION_CONDITIONS = "DEBUG $(inherited)";
				SWIFT_OPTIMIZATION_LEVEL = "-Onone";
			};
			name = Debug;
		};
		274103B82C4EC2EE007606C5 /* Release */ = {
			isa = XCBuildConfiguration;
			buildSettings = {
				ALWAYS_SEARCH_USER_PATHS = NO;
				ASSETCATALOG_COMPILER_GENERATE_SWIFT_ASSET_SYMBOL_EXTENSIONS = YES;
				CLANG_ANALYZER_NONNULL = YES;
				CLANG_ANALYZER_NUMBER_OBJECT_CONVERSION = YES_AGGRESSIVE;
				CLANG_CXX_LANGUAGE_STANDARD = "gnu++20";
				CLANG_ENABLE_MODULES = YES;
				CLANG_ENABLE_OBJC_ARC = YES;
				CLANG_ENABLE_OBJC_WEAK = YES;
				CLANG_WARN_BLOCK_CAPTURE_AUTORELEASING = YES;
				CLANG_WARN_BOOL_CONVERSION = YES;
				CLANG_WARN_COMMA = YES;
				CLANG_WARN_CONSTANT_CONVERSION = YES;
				CLANG_WARN_DEPRECATED_OBJC_IMPLEMENTATIONS = YES;
				CLANG_WARN_DIRECT_OBJC_ISA_USAGE = YES_ERROR;
				CLANG_WARN_DOCUMENTATION_COMMENTS = YES;
				CLANG_WARN_EMPTY_BODY = YES;
				CLANG_WARN_ENUM_CONVERSION = YES;
				CLANG_WARN_INFINITE_RECURSION = YES;
				CLANG_WARN_INT_CONVERSION = YES;
				CLANG_WARN_NON_LITERAL_NULL_CONVERSION = YES;
				CLANG_WARN_OBJC_IMPLICIT_RETAIN_SELF = YES;
				CLANG_WARN_OBJC_LITERAL_CONVERSION = YES;
				CLANG_WARN_OBJC_ROOT_CLASS = YES_ERROR;
				CLANG_WARN_QUOTED_INCLUDE_IN_FRAMEWORK_HEADER = YES;
				CLANG_WARN_RANGE_LOOP_ANALYSIS = YES;
				CLANG_WARN_STRICT_PROTOTYPES = YES;
				CLANG_WARN_SUSPICIOUS_MOVE = YES;
				CLANG_WARN_UNGUARDED_AVAILABILITY = YES_AGGRESSIVE;
				CLANG_WARN_UNREACHABLE_CODE = YES;
				CLANG_WARN__DUPLICATE_METHOD_MATCH = YES;
				COPY_PHASE_STRIP = NO;
				DEBUG_INFORMATION_FORMAT = "dwarf-with-dsym";
				ENABLE_NS_ASSERTIONS = NO;
				ENABLE_STRICT_OBJC_MSGSEND = YES;
				ENABLE_USER_SCRIPT_SANDBOXING = YES;
				GCC_C_LANGUAGE_STANDARD = gnu17;
				GCC_NO_COMMON_BLOCKS = YES;
				GCC_WARN_64_TO_32_BIT_CONVERSION = YES;
				GCC_WARN_ABOUT_RETURN_TYPE = YES_ERROR;
				GCC_WARN_UNDECLARED_SELECTOR = YES;
				GCC_WARN_UNINITIALIZED_AUTOS = YES_AGGRESSIVE;
				GCC_WARN_UNUSED_FUNCTION = YES;
				GCC_WARN_UNUSED_VARIABLE = YES;
				IPHONEOS_DEPLOYMENT_TARGET = 17.4;
				LOCALIZATION_PREFERS_STRING_CATALOGS = YES;
				MTL_ENABLE_DEBUG_INFO = NO;
				MTL_FAST_MATH = YES;
				SDKROOT = iphoneos;
				SWIFT_COMPILATION_MODE = wholemodule;
				VALIDATE_PRODUCT = YES;
			};
			name = Release;
		};
		274103BA2C4EC2EE007606C5 /* Debug */ = {
			isa = XCBuildConfiguration;
			buildSettings = {
				ASSETCATALOG_COMPILER_APPICON_NAME = AppIcon;
				ASSETCATALOG_COMPILER_GLOBAL_ACCENT_COLOR_NAME = AccentColor;
				CODE_SIGN_STYLE = Automatic;
				CURRENT_PROJECT_VERSION = 1;
				DEVELOPMENT_TEAM = 587Y6CB23X;
				GENERATE_INFOPLIST_FILE = YES;
				INFOPLIST_FILE = WorldOfTasteApp/Recources/Info.plist;
				INFOPLIST_KEY_UIApplicationSupportsIndirectInputEvents = YES;
				INFOPLIST_KEY_UILaunchStoryboardName = LaunchScreen;
				INFOPLIST_KEY_UISupportedInterfaceOrientations_iPad = "UIInterfaceOrientationPortrait UIInterfaceOrientationPortraitUpsideDown UIInterfaceOrientationLandscapeLeft UIInterfaceOrientationLandscapeRight";
				INFOPLIST_KEY_UISupportedInterfaceOrientations_iPhone = "UIInterfaceOrientationPortrait UIInterfaceOrientationLandscapeLeft UIInterfaceOrientationLandscapeRight";
				LD_RUNPATH_SEARCH_PATHS = (
					"$(inherited)",
					"@executable_path/Frameworks",
				);
				MARKETING_VERSION = 1.0;
				PRODUCT_BUNDLE_IDENTIFIER = com.FeRoXXX.WorldOfTasteApp;
				PRODUCT_NAME = "$(TARGET_NAME)";
				SWIFT_EMIT_LOC_STRINGS = YES;
				SWIFT_VERSION = 5.0;
				TARGETED_DEVICE_FAMILY = "1,2";
			};
			name = Debug;
		};
		274103BB2C4EC2EE007606C5 /* Release */ = {
			isa = XCBuildConfiguration;
			buildSettings = {
				ASSETCATALOG_COMPILER_APPICON_NAME = AppIcon;
				ASSETCATALOG_COMPILER_GLOBAL_ACCENT_COLOR_NAME = AccentColor;
				CODE_SIGN_STYLE = Automatic;
				CURRENT_PROJECT_VERSION = 1;
				DEVELOPMENT_TEAM = 587Y6CB23X;
				GENERATE_INFOPLIST_FILE = YES;
				INFOPLIST_FILE = WorldOfTasteApp/Recources/Info.plist;
				INFOPLIST_KEY_UIApplicationSupportsIndirectInputEvents = YES;
				INFOPLIST_KEY_UILaunchStoryboardName = LaunchScreen;
				INFOPLIST_KEY_UISupportedInterfaceOrientations_iPad = "UIInterfaceOrientationPortrait UIInterfaceOrientationPortraitUpsideDown UIInterfaceOrientationLandscapeLeft UIInterfaceOrientationLandscapeRight";
				INFOPLIST_KEY_UISupportedInterfaceOrientations_iPhone = "UIInterfaceOrientationPortrait UIInterfaceOrientationLandscapeLeft UIInterfaceOrientationLandscapeRight";
				LD_RUNPATH_SEARCH_PATHS = (
					"$(inherited)",
					"@executable_path/Frameworks",
				);
				MARKETING_VERSION = 1.0;
				PRODUCT_BUNDLE_IDENTIFIER = com.FeRoXXX.WorldOfTasteApp;
				PRODUCT_NAME = "$(TARGET_NAME)";
				SWIFT_EMIT_LOC_STRINGS = YES;
				SWIFT_VERSION = 5.0;
				TARGETED_DEVICE_FAMILY = "1,2";
			};
			name = Release;
		};
/* End XCBuildConfiguration section */

/* Begin XCConfigurationList section */
		2741039D2C4EC2E9007606C5 /* Build configuration list for PBXProject "WorldOfTasteApp" */ = {
			isa = XCConfigurationList;
			buildConfigurations = (
				274103B72C4EC2EE007606C5 /* Debug */,
				274103B82C4EC2EE007606C5 /* Release */,
			);
			defaultConfigurationIsVisible = 0;
			defaultConfigurationName = Release;
		};
		274103B92C4EC2EE007606C5 /* Build configuration list for PBXNativeTarget "WorldOfTasteApp" */ = {
			isa = XCConfigurationList;
			buildConfigurations = (
				274103BA2C4EC2EE007606C5 /* Debug */,
				274103BB2C4EC2EE007606C5 /* Release */,
			);
			defaultConfigurationIsVisible = 0;
			defaultConfigurationName = Release;
		};
/* End XCConfigurationList section */

/* Begin XCVersionGroup section */
		274103AE2C4EC2E9007606C5 /* WorldOfTasteApp.xcdatamodeld */ = {
			isa = XCVersionGroup;
			children = (
				274103AF2C4EC2E9007606C5 /* WorldOfTasteApp.xcdatamodel */,
			);
			currentVersion = 274103AF2C4EC2E9007606C5 /* WorldOfTasteApp.xcdatamodel */;
			path = WorldOfTasteApp.xcdatamodeld;
			sourceTree = "<group>";
			versionGroupType = wrapper.xcdatamodel;
		};
/* End XCVersionGroup section */
	};
	rootObject = 2741039A2C4EC2E9007606C5 /* Project object */;
}
